// !$*UTF8*$!
{
	archiveVersion = 1;
	classes = {
	};
	objectVersion = 46;
	objects = {

/* Begin PBXBuildFile section */
		F47BD6311C8DB66200D044B9 /* main.m in Sources */ = {isa = PBXBuildFile; fileRef = F47BD6301C8DB66200D044B9 /* main.m */; };
		F47BD6391C8DB68A00D044B9 /* Calculater.m in Sources */ = {isa = PBXBuildFile; fileRef = F47BD6381C8DB68A00D044B9 /* Calculater.m */; };
/* End PBXBuildFile section */

/* Begin PBXCopyFilesBuildPhase section */
		F47BD62B1C8DB66200D044B9 /* CopyFiles */ = {
			isa = PBXCopyFilesBuildPhase;
			buildActionMask = 2147483647;
			dstPath = /usr/share/man/man1/;
			dstSubfolderSpec = 0;
			files = (
			);
			runOnlyForDeploymentPostprocessing = 1;
		};
/* End PBXCopyFilesBuildPhase section */

/* Begin PBXFileReference section */
		F47BD62D1C8DB66200D044B9 /* GJ6.4 */ = {isa = PBXFileReference; explicitFileType = "compiled.mach-o.executable"; includeInIndex = 0; path = GJ6.4; sourceTree = BUILT_PRODUCTS_DIR; };
		F47BD6301C8DB66200D044B9 /* main.m */ = {isa = PBXFileReference; lastKnownFileType = sourcecode.c.objc; path = main.m; sourceTree = "<group>"; };
		F47BD6371C8DB68A00D044B9 /* Calculater.h */ = {isa = PBXFileReference; fileEncoding = 4; lastKnownFileType = sourcecode.c.h; path = Calculater.h; sourceTree = "<group>"; };
		F47BD6381C8DB68A00D044B9 /* Calculater.m */ = {isa = PBXFileReference; fileEncoding = 4; lastKnownFileType = sourcecode.c.objc; path = Calculater.m; sourceTree = "<group>"; };
/* End PBXFileReference section */

/* Begin PBXFrameworksBuildPhase section */
		F47BD62A1C8DB66200D044B9 /* Frameworks */ = {
			isa = PBXFrameworksBuildPhase;
			buildActionMask = 2147483647;
			files = (
			);
			runOnlyForDeploymentPostprocessing = 0;
		};
/* End PBXFrameworksBuildPhase section */

/* Begin PBXGroup section */
		F47BD6241C8DB66200D044B9 = {
			isa = PBXGroup;
			children = (
				F47BD6371C8DB68A00D044B9 /* Calculater.h */,
				F47BD6381C8DB68A00D044B9 /* Calculater.m */,
				F47BD62F1C8DB66200D044B9 /* GJ6.4 */,
				F47BD62E1C8DB66200D044B9 /* Products */,
			);
			sourceTree = "<group>";
		};
		F47BD62E1C8DB66200D044B9 /* Products */ = {
			isa = PBXGroup;
			children = (
				F47BD62D1C8DB66200D044B9 /* GJ6.4 */,
			);
			name = Products;
			sourceTree = "<group>";
		};
		F47BD62F1C8DB66200D044B9 /* GJ6.4 */ = {
			isa = PBXGroup;
			children = (
				F47BD6301C8DB66200D044B9 /* main.m */,
			);
			path = GJ6.4;
			sourceTree = "<group>";
		};
/* End PBXGroup section */

/* Begin PBXNativeTarget section */
		F47BD62C1C8DB66200D044B9 /* GJ6.4 */ = {
			isa = PBXNativeTarget;
			buildConfigurationList = F47BD6341C8DB66200D044B9 /* Build configuration list for PBXNativeTarget "GJ6.4" */;
			buildPhases = (
				F47BD6291C8DB66200D044B9 /* Sources */,
				F47BD62A1C8DB66200D044B9 /* Frameworks */,
				F47BD62B1C8DB66200D044B9 /* CopyFiles */,
			);
			buildRules = (
			);
			dependencies = (
			);
			name = GJ6.4;
			productName = GJ6.4;
			productReference = F47BD62D1C8DB66200D044B9 /* GJ6.4 */;
			productType = "com.apple.product-type.tool";
		};
/* End PBXNativeTarget section */

/* Begin PBXProject section */
		F47BD6251C8DB66200D044B9 /* Project object */ = {
			isa = PBXProject;
			attributes = {
				LastUpgradeCheck = 0720;
				ORGANIZATIONNAME = IOS2016;
				TargetAttributes = {
					F47BD62C1C8DB66200D044B9 = {
						CreatedOnToolsVersion = 7.2.1;
					};
				};
			};
			buildConfigurationList = F47BD6281C8DB66200D044B9 /* Build configuration list for PBXProject "GJ6.4" */;
			compatibilityVersion = "Xcode 3.2";
			developmentRegion = English;
			hasScannedForEncodings = 0;
			knownRegions = (
				en,
			);
			mainGroup = F47BD6241C8DB66200D044B9;
			productRefGroup = F47BD62E1C8DB66200D044B9 /* Products */;
			projectDirPath = "";
			projectRoot = "";
			targets = (
				F47BD62C1C8DB66200D044B9 /* GJ6.4 */,
			);
		};
/* End PBXProject section */

/* Begin PBXSourcesBuildPhase section */
		F47BD6291C8DB66200D044B9 /* Sources */ = {
			isa = PBXSourcesBuildPhase;
			buildActionMask = 2147483647;
			files = (
				F47BD6311C8DB66200D044B9 /* main.m in Sources */,
				F47BD6391C8DB68A00D044B9 /* Calculater.m in Sources */,
			);
			runOnlyForDeploymentPostprocessing = 0;
		};
/* End PBXSourcesBuildPhase section */

/* Begin XCBuildConfiguration section */
		F47BD6321C8DB66200D044B9 /* Debug */ = {
			isa = XCBuildConfiguration;
			buildSettings = {
				ALWAYS_SEARCH_USER_PATHS = NO;
				CLANG_CXX_LANGUAGE_STANDARD = "gnu++0x";
				CLANG_CXX_LIBRARY = "libc++";
				CLANG_ENABLE_MODULES = YES;
				CLANG_ENABLE_OBJC_ARC = YES;
				CLANG_WARN_BOOL_CONVERSION = YES;
				CLANG_WARN_CONSTANT_CONVERSION = YES;
				CLANG_WARN_DIRECT_OBJC_ISA_USAGE = YES_ERROR;
				CLANG_WARN_EMPTY_BODY = YES;
				CLANG_WARN_ENUM_CONVERSION = YES;
				CLANG_WARN_INT_CONVERSION = YES;
				CLANG_WARN_OBJC_ROOT_CLASS = YES_ERROR;
				CLANG_WARN_UNREACHABLE_CODE = YES;
				CLANG_WARN__DUPLICATE_METHOD_MATCH = YES;
				CODE_SIGN_IDENTITY = "-";
				COPY_PHASE_STRIP = NO;
				DEBUG_INFORMATION_FORMAT = dwarf;
				ENABLE_STRICT_OBJC_MSGSEND = YES;
				ENABLE_TESTABILITY = YES;
				GCC_C_LANGUAGE_STANDARD = gnu99;
				GCC_DYNAMIC_NO_PIC = NO;
				GCC_NO_COMMON_BLOCKS = YES;
				GCC_OPTIMIZATION_LEVEL = 0;
				GCC_PREPROCESSOR_DEFINITIONS = (
					"DEBUG=1",
					"$(inherited)",
				);
				GCC_WARN_64_TO_32_BIT_CONVERSION = YES;
				GCC_WARN_ABOUT_RETURN_TYPE = YES_ERROR;
				GCC_WARN_UNDECLARED_SELECTOR = YES;
				GCC_WARN_UNINITIALIZED_AUTOS = YES_AGGRESSIVE;
				GCC_WARN_UNUSED_FUNCTION = YES;
				GCC_WARN_UNUSED_VARIABLE = YES;
				MACOSX_DEPLOYMENT_TARGET = 10.10;
				MTL_ENABLE_DEBUG_INFO = YES;
				ONLY_ACTIVE_ARCH = YES;
				SDKROOT = macosx;
			};
			name = Debug;
		};
		F47BD6331C8DB66200D044B9 /* Release */ = {
			isa = XCBuildConfiguration;
			buildSettings = {
				ALWAYS_SEARCH_USER_PATHS = NO;
				CLANG_CXX_LANGUAGE_STANDARD = "gnu++0x";
				CLANG_CXX_LIBRARY = "libc++";
				CLANG_ENABLE_MODULES = YES;
				CLANG_ENABLE_OBJC_ARC = YES;
				CLANG_WARN_BOOL_CONVERSION = YES;
				CLANG_WARN_CONSTANT_CONVERSION = YES;
				CLANG_WARN_DIRECT_OBJC_ISA_USAGE = YES_ERROR;
				CLANG_WARN_EMPTY_BODY = YES;
				CLANG_WARN_ENUM_CONVERSION = YES;
				CLANG_WARN_INT_CONVERSION = YES;
				CLANG_WARN_OBJC_ROOT_CLASS = YES_ERROR;
				CLANG_WARN_UNREACHABLE_CODE = YES;
				CLANG_WARN__DUPLICATE_METHOD_MATCH = YES;
				CODE_SIGN_IDENTITY = "-";
				COPY_PHASE_STRIP = NO;
				DEBUG_INFORMATION_FORMAT = "dwarf-with-dsym";
				ENABLE_NS_ASSERTIONS = NO;
				ENABLE_STRICT_OBJC_MSGSEND = YES;
				GCC_C_LANGUAGE_STANDARD = gnu99;
				GCC_NO_COMMON_BLOCKS = YES;
				GCC_WARN_64_TO_32_BIT_CONVERSION = YES;
				GCC_WARN_ABOUT_RETURN_TYPE = YES_ERROR;
				GCC_WARN_UNDECLARED_SELECTOR = YES;
				GCC_WARN_UNINITIALIZED_AUTOS = YES_AGGRESSIVE;
				GCC_WARN_UNUSED_FUNCTION = YES;
				GCC_WARN_UNUSED_VARIABLE = YES;
				MACOSX_DEPLOYMENT_TARGET = 10.10;
				MTL_ENABLE_DEBUG_INFO = NO;
				SDKROOT = macosx;
			};
			name = Release;
		};
		F47BD6351C8DB66200D044B9 /* Debug */ = {
			isa = XCBuildConfiguration;
			buildSettings = {
				PRODUCT_NAME = "$(TARGET_NAME)";
			};
			name = Debug;
		};
		F47BD6361C8DB66200D044B9 /* Release */ = {
			isa = XCBuildConfiguration;
			buildSettings = {
				PRODUCT_NAME = "$(TARGET_NAME)";
			};
			name = Release;
		};
/* End XCBuildConfiguration section */

/* Begin XCConfigurationList section */
		F47BD6281C8DB66200D044B9 /* Build configuration list for PBXProject "GJ6.4" */ = {
			isa = XCConfigurationList;
			buildConfigurations = (
				F47BD6321C8DB66200D044B9 /* Debug */,
				F47BD6331C8DB66200D044B9 /* Release */,
			);
			defaultConfigurationIsVisible = 0;
			defaultConfigurationName = Release;
		};
		F47BD6341C8DB66200D044B9 /* Build configuration list for PBXNativeTarget "GJ6.4" */ = {
			isa = XCConfigurationList;
			buildConfigurations = (
				F47BD6351C8DB66200D044B9 /* Debug */,
				F47BD6361C8DB66200D044B9 /* Release */,
			);
			defaultConfigurationIsVisible = 0;
		};
/* End XCConfigurationList section */
	};
	rootObject = F47BD6251C8DB66200D044B9 /* Project object */;
}
