// !$*UTF8*$!
{
	archiveVersion = 1;
	classes = {
	};
	objectVersion = 46;
	objects = {

/* Begin PBXBuildFile section */
		F48B71A01C94064C0067517C /* main.m in Sources */ = {isa = PBXBuildFile; fileRef = F48B719F1C94064C0067517C /* main.m */; };
		F48B71A81C9406EE0067517C /* Retangle.m in Sources */ = {isa = PBXBuildFile; fileRef = F48B71A71C9406EE0067517C /* Retangle.m */; };
		F48B71AB1C94070D0067517C /* XYPoint.m in Sources */ = {isa = PBXBuildFile; fileRef = F48B71AA1C94070D0067517C /* XYPoint.m */; };
/* End PBXBuildFile section */

/* Begin PBXCopyFilesBuildPhase section */
		F48B719A1C94064C0067517C /* CopyFiles */ = {
			isa = PBXCopyFilesBuildPhase;
			buildActionMask = 2147483647;
			dstPath = /usr/share/man/man1/;
			dstSubfolderSpec = 0;
			files = (
			);
			runOnlyForDeploymentPostprocessing = 1;
		};
/* End PBXCopyFilesBuildPhase section */

/* Begin PBXFileReference section */
		F48B719C1C94064C0067517C /* GJ9.2 */ = {isa = PBXFileReference; explicitFileType = "compiled.mach-o.executable"; includeInIndex = 0; path = GJ9.2; sourceTree = BUILT_PRODUCTS_DIR; };
		F48B719F1C94064C0067517C /* main.m */ = {isa = PBXFileReference; lastKnownFileType = sourcecode.c.objc; path = main.m; sourceTree = "<group>"; };
		F48B71A61C9406EE0067517C /* Retangle.h */ = {isa = PBXFileReference; fileEncoding = 4; lastKnownFileType = sourcecode.c.h; path = Retangle.h; sourceTree = "<group>"; };
		F48B71A71C9406EE0067517C /* Retangle.m */ = {isa = PBXFileReference; fileEncoding = 4; lastKnownFileType = sourcecode.c.objc; path = Retangle.m; sourceTree = "<group>"; };
		F48B71A91C94070D0067517C /* XYPoint.h */ = {isa = PBXFileReference; fileEncoding = 4; lastKnownFileType = sourcecode.c.h; path = XYPoint.h; sourceTree = "<group>"; };
		F48B71AA1C94070D0067517C /* XYPoint.m */ = {isa = PBXFileReference; fileEncoding = 4; lastKnownFileType = sourcecode.c.objc; path = XYPoint.m; sourceTree = "<group>"; };
/* End PBXFileReference section */

/* Begin PBXFrameworksBuildPhase section */
		F48B71991C94064C0067517C /* Frameworks */ = {
			isa = PBXFrameworksBuildPhase;
			buildActionMask = 2147483647;
			files = (
			);
			runOnlyForDeploymentPostprocessing = 0;
		};
/* End PBXFrameworksBuildPhase section */

/* Begin PBXGroup section */
		F48B71931C94064C0067517C = {
			isa = PBXGroup;
			children = (
				F48B71A61C9406EE0067517C /* Retangle.h */,
				F48B71A71C9406EE0067517C /* Retangle.m */,
				F48B71A91C94070D0067517C /* XYPoint.h */,
				F48B71AA1C94070D0067517C /* XYPoint.m */,
				F48B719E1C94064C0067517C /* GJ9.2 */,
				F48B719D1C94064C0067517C /* Products */,
			);
			sourceTree = "<group>";
		};
		F48B719D1C94064C0067517C /* Products */ = {
			isa = PBXGroup;
			children = (
				F48B719C1C94064C0067517C /* GJ9.2 */,
			);
			name = Products;
			sourceTree = "<group>";
		};
		F48B719E1C94064C0067517C /* GJ9.2 */ = {
			isa = PBXGroup;
			children = (
				F48B719F1C94064C0067517C /* main.m */,
			);
			path = GJ9.2;
			sourceTree = "<group>";
		};
/* End PBXGroup section */

/* Begin PBXNativeTarget section */
		F48B719B1C94064C0067517C /* GJ9.2 */ = {
			isa = PBXNativeTarget;
			buildConfigurationList = F48B71A31C94064C0067517C /* Build configuration list for PBXNativeTarget "GJ9.2" */;
			buildPhases = (
				F48B71981C94064C0067517C /* Sources */,
				F48B71991C94064C0067517C /* Frameworks */,
				F48B719A1C94064C0067517C /* CopyFiles */,
			);
			buildRules = (
			);
			dependencies = (
			);
			name = GJ9.2;
			productName = GJ9.2;
			productReference = F48B719C1C94064C0067517C /* GJ9.2 */;
			productType = "com.apple.product-type.tool";
		};
/* End PBXNativeTarget section */

/* Begin PBXProject section */
		F48B71941C94064C0067517C /* Project object */ = {
			isa = PBXProject;
			attributes = {
				LastUpgradeCheck = 0720;
				ORGANIZATIONNAME = IOS2016;
				TargetAttributes = {
					F48B719B1C94064C0067517C = {
						CreatedOnToolsVersion = 7.2.1;
					};
				};
			};
			buildConfigurationList = F48B71971C94064C0067517C /* Build configuration list for PBXProject "GJ9.2" */;
			compatibilityVersion = "Xcode 3.2";
			developmentRegion = English;
			hasScannedForEncodings = 0;
			knownRegions = (
				en,
			);
			mainGroup = F48B71931C94064C0067517C;
			productRefGroup = F48B719D1C94064C0067517C /* Products */;
			projectDirPath = "";
			projectRoot = "";
			targets = (
				F48B719B1C94064C0067517C /* GJ9.2 */,
			);
		};
/* End PBXProject section */

/* Begin PBXSourcesBuildPhase section */
		F48B71981C94064C0067517C /* Sources */ = {
			isa = PBXSourcesBuildPhase;
			buildActionMask = 2147483647;
			files = (
				F48B71A01C94064C0067517C /* main.m in Sources */,
				F48B71AB1C94070D0067517C /* XYPoint.m in Sources */,
				F48B71A81C9406EE0067517C /* Retangle.m in Sources */,
			);
			runOnlyForDeploymentPostprocessing = 0;
		};
/* End PBXSourcesBuildPhase section */

/* Begin XCBuildConfiguration section */
		F48B71A11C94064C0067517C /* Debug */ = {
			isa = XCBuildConfiguration;
			buildSettings = {
				ALWAYS_SEARCH_USER_PATHS = NO;
				CLANG_CXX_LANGUAGE_STANDARD = "gnu++0x";
				CLANG_CXX_LIBRARY = "libc++";
				CLANG_ENABLE_MODULES = YES;
				CLANG_ENABLE_OBJC_ARC = YES;
				CLANG_WARN_BOOL_CONVERSION = YES;
				CLANG_WARN_CONSTANT_CONVERSION = YES;
				CLANG_WARN_DIRECT_OBJC_ISA_USAGE = YES_ERROR;
				CLANG_WARN_EMPTY_BODY = YES;
				CLANG_WARN_ENUM_CONVERSION = YES;
				CLANG_WARN_INT_CONVERSION = YES;
				CLANG_WARN_OBJC_ROOT_CLASS = YES_ERROR;
				CLANG_WARN_UNREACHABLE_CODE = YES;
				CLANG_WARN__DUPLICATE_METHOD_MATCH = YES;
				CODE_SIGN_IDENTITY = "-";
				COPY_PHASE_STRIP = NO;
				DEBUG_INFORMATION_FORMAT = dwarf;
				ENABLE_STRICT_OBJC_MSGSEND = YES;
				ENABLE_TESTABILITY = YES;
				GCC_C_LANGUAGE_STANDARD = gnu99;
				GCC_DYNAMIC_NO_PIC = NO;
				GCC_NO_COMMON_BLOCKS = YES;
				GCC_OPTIMIZATION_LEVEL = 0;
				GCC_PREPROCESSOR_DEFINITIONS = (
					"DEBUG=1",
					"$(inherited)",
				);
				GCC_WARN_64_TO_32_BIT_CONVERSION = YES;
				GCC_WARN_ABOUT_RETURN_TYPE = YES_ERROR;
				GCC_WARN_UNDECLARED_SELECTOR = YES;
				GCC_WARN_UNINITIALIZED_AUTOS = YES_AGGRESSIVE;
				GCC_WARN_UNUSED_FUNCTION = YES;
				GCC_WARN_UNUSED_VARIABLE = YES;
				MACOSX_DEPLOYMENT_TARGET = 10.10;
				MTL_ENABLE_DEBUG_INFO = YES;
				ONLY_ACTIVE_ARCH = YES;
				SDKROOT = macosx;
			};
			name = Debug;
		};
		F48B71A21C94064C0067517C /* Release */ = {
			isa = XCBuildConfiguration;
			buildSettings = {
				ALWAYS_SEARCH_USER_PATHS = NO;
				CLANG_CXX_LANGUAGE_STANDARD = "gnu++0x";
				CLANG_CXX_LIBRARY = "libc++";
				CLANG_ENABLE_MODULES = YES;
				CLANG_ENABLE_OBJC_ARC = YES;
				CLANG_WARN_BOOL_CONVERSION = YES;
				CLANG_WARN_CONSTANT_CONVERSION = YES;
				CLANG_WARN_DIRECT_OBJC_ISA_USAGE = YES_ERROR;
				CLANG_WARN_EMPTY_BODY = YES;
				CLANG_WARN_ENUM_CONVERSION = YES;
				CLANG_WARN_INT_CONVERSION = YES;
				CLANG_WARN_OBJC_ROOT_CLASS = YES_ERROR;
				CLANG_WARN_UNREACHABLE_CODE = YES;
				CLANG_WARN__DUPLICATE_METHOD_MATCH = YES;
				CODE_SIGN_IDENTITY = "-";
				COPY_PHASE_STRIP = NO;
				DEBUG_INFORMATION_FORMAT = "dwarf-with-dsym";
				ENABLE_NS_ASSERTIONS = NO;
				ENABLE_STRICT_OBJC_MSGSEND = YES;
				GCC_C_LANGUAGE_STANDARD = gnu99;
				GCC_NO_COMMON_BLOCKS = YES;
				GCC_WARN_64_TO_32_BIT_CONVERSION = YES;
				GCC_WARN_ABOUT_RETURN_TYPE = YES_ERROR;
				GCC_WARN_UNDECLARED_SELECTOR = YES;
				GCC_WARN_UNINITIALIZED_AUTOS = YES_AGGRESSIVE;
				GCC_WARN_UNUSED_FUNCTION = YES;
				GCC_WARN_UNUSED_VARIABLE = YES;
				MACOSX_DEPLOYMENT_TARGET = 10.10;
				MTL_ENABLE_DEBUG_INFO = NO;
				SDKROOT = macosx;
			};
			name = Release;
		};
		F48B71A41C94064C0067517C /* Debug */ = {
			isa = XCBuildConfiguration;
			buildSettings = {
				PRODUCT_NAME = "$(TARGET_NAME)";
			};
			name = Debug;
		};
		F48B71A51C94064C0067517C /* Release */ = {
			isa = XCBuildConfiguration;
			buildSettings = {
				PRODUCT_NAME = "$(TARGET_NAME)";
			};
			name = Release;
		};
/* End XCBuildConfiguration section */

/* Begin XCConfigurationList section */
		F48B71971C94064C0067517C /* Build configuration list for PBXProject "GJ9.2" */ = {
			isa = XCConfigurationList;
			buildConfigurations = (
				F48B71A11C94064C0067517C /* Debug */,
				F48B71A21C94064C0067517C /* Release */,
			);
			defaultConfigurationIsVisible = 0;
			defaultConfigurationName = Release;
		};
		F48B71A31C94064C0067517C /* Build configuration list for PBXNativeTarget "GJ9.2" */ = {
			isa = XCConfigurationList;
			buildConfigurations = (
				F48B71A41C94064C0067517C /* Debug */,
				F48B71A51C94064C0067517C /* Release */,
			);
			defaultConfigurationIsVisible = 0;
		};
/* End XCConfigurationList section */
	};
	rootObject = F48B71941C94064C0067517C /* Project object */;
}
