// !$*UTF8*$!
{
	archiveVersion = 1;
	classes = {
	};
	objectVersion = 46;
	objects = {

/* Begin PBXBuildFile section */
		F49B22E31C9BA2D9000EA4C9 /* main.m in Sources */ = {isa = PBXBuildFile; fileRef = F49B22E21C9BA2D9000EA4C9 /* main.m */; };
		F49B22EB1C9BA2E4000EA4C9 /* Fraction.m in Sources */ = {isa = PBXBuildFile; fileRef = F49B22EA1C9BA2E4000EA4C9 /* Fraction.m */; };
/* End PBXBuildFile section */

/* Begin PBXCopyFilesBuildPhase section */
		F49B22DD1C9BA2D9000EA4C9 /* CopyFiles */ = {
			isa = PBXCopyFilesBuildPhase;
			buildActionMask = 2147483647;
			dstPath = /usr/share/man/man1/;
			dstSubfolderSpec = 0;
			files = (
			);
			runOnlyForDeploymentPostprocessing = 1;
		};
/* End PBXCopyFilesBuildPhase section */

/* Begin PBXFileReference section */
		F49B22DF1C9BA2D9000EA4C9 /* GJ10.5 */ = {isa = PBXFileReference; explicitFileType = "compiled.mach-o.executable"; includeInIndex = 0; path = GJ10.5; sourceTree = BUILT_PRODUCTS_DIR; };
		F49B22E21C9BA2D9000EA4C9 /* main.m */ = {isa = PBXFileReference; lastKnownFileType = sourcecode.c.objc; path = main.m; sourceTree = "<group>"; };
		F49B22E91C9BA2E4000EA4C9 /* Fraction.h */ = {isa = PBXFileReference; fileEncoding = 4; lastKnownFileType = sourcecode.c.h; path = Fraction.h; sourceTree = "<group>"; };
		F49B22EA1C9BA2E4000EA4C9 /* Fraction.m */ = {isa = PBXFileReference; fileEncoding = 4; lastKnownFileType = sourcecode.c.objc; path = Fraction.m; sourceTree = "<group>"; };
/* End PBXFileReference section */

/* Begin PBXFrameworksBuildPhase section */
		F49B22DC1C9BA2D9000EA4C9 /* Frameworks */ = {
			isa = PBXFrameworksBuildPhase;
			buildActionMask = 2147483647;
			files = (
			);
			runOnlyForDeploymentPostprocessing = 0;
		};
/* End PBXFrameworksBuildPhase section */

/* Begin PBXGroup section */
		F49B22D61C9BA2D8000EA4C9 = {
			isa = PBXGroup;
			children = (
				F49B22E91C9BA2E4000EA4C9 /* Fraction.h */,
				F49B22EA1C9BA2E4000EA4C9 /* Fraction.m */,
				F49B22E11C9BA2D9000EA4C9 /* GJ10.5 */,
				F49B22E01C9BA2D9000EA4C9 /* Products */,
			);
			sourceTree = "<group>";
		};
		F49B22E01C9BA2D9000EA4C9 /* Products */ = {
			isa = PBXGroup;
			children = (
				F49B22DF1C9BA2D9000EA4C9 /* GJ10.5 */,
			);
			name = Products;
			sourceTree = "<group>";
		};
		F49B22E11C9BA2D9000EA4C9 /* GJ10.5 */ = {
			isa = PBXGroup;
			children = (
				F49B22E21C9BA2D9000EA4C9 /* main.m */,
			);
			path = GJ10.5;
			sourceTree = "<group>";
		};
/* End PBXGroup section */

/* Begin PBXNativeTarget section */
		F49B22DE1C9BA2D9000EA4C9 /* GJ10.5 */ = {
			isa = PBXNativeTarget;
			buildConfigurationList = F49B22E61C9BA2D9000EA4C9 /* Build configuration list for PBXNativeTarget "GJ10.5" */;
			buildPhases = (
				F49B22DB1C9BA2D9000EA4C9 /* Sources */,
				F49B22DC1C9BA2D9000EA4C9 /* Frameworks */,
				F49B22DD1C9BA2D9000EA4C9 /* CopyFiles */,
			);
			buildRules = (
			);
			dependencies = (
			);
			name = GJ10.5;
			productName = GJ10.5;
			productReference = F49B22DF1C9BA2D9000EA4C9 /* GJ10.5 */;
			productType = "com.apple.product-type.tool";
		};
/* End PBXNativeTarget section */

/* Begin PBXProject section */
		F49B22D71C9BA2D8000EA4C9 /* Project object */ = {
			isa = PBXProject;
			attributes = {
				LastUpgradeCheck = 0720;
				ORGANIZATIONNAME = IOS2016;
				TargetAttributes = {
					F49B22DE1C9BA2D9000EA4C9 = {
						CreatedOnToolsVersion = 7.2.1;
					};
				};
			};
			buildConfigurationList = F49B22DA1C9BA2D8000EA4C9 /* Build configuration list for PBXProject "GJ10.5" */;
			compatibilityVersion = "Xcode 3.2";
			developmentRegion = English;
			hasScannedForEncodings = 0;
			knownRegions = (
				en,
			);
			mainGroup = F49B22D61C9BA2D8000EA4C9;
			productRefGroup = F49B22E01C9BA2D9000EA4C9 /* Products */;
			projectDirPath = "";
			projectRoot = "";
			targets = (
				F49B22DE1C9BA2D9000EA4C9 /* GJ10.5 */,
			);
		};
/* End PBXProject section */

/* Begin PBXSourcesBuildPhase section */
		F49B22DB1C9BA2D9000EA4C9 /* Sources */ = {
			isa = PBXSourcesBuildPhase;
			buildActionMask = 2147483647;
			files = (
				F49B22E31C9BA2D9000EA4C9 /* main.m in Sources */,
				F49B22EB1C9BA2E4000EA4C9 /* Fraction.m in Sources */,
			);
			runOnlyForDeploymentPostprocessing = 0;
		};
/* End PBXSourcesBuildPhase section */

/* Begin XCBuildConfiguration section */
		F49B22E41C9BA2D9000EA4C9 /* Debug */ = {
			isa = XCBuildConfiguration;
			buildSettings = {
				ALWAYS_SEARCH_USER_PATHS = NO;
				CLANG_CXX_LANGUAGE_STANDARD = "gnu++0x";
				CLANG_CXX_LIBRARY = "libc++";
				CLANG_ENABLE_MODULES = YES;
				CLANG_ENABLE_OBJC_ARC = YES;
				CLANG_WARN_BOOL_CONVERSION = YES;
				CLANG_WARN_CONSTANT_CONVERSION = YES;
				CLANG_WARN_DIRECT_OBJC_ISA_USAGE = YES_ERROR;
				CLANG_WARN_EMPTY_BODY = YES;
				CLANG_WARN_ENUM_CONVERSION = YES;
				CLANG_WARN_INT_CONVERSION = YES;
				CLANG_WARN_OBJC_ROOT_CLASS = YES_ERROR;
				CLANG_WARN_UNREACHABLE_CODE = YES;
				CLANG_WARN__DUPLICATE_METHOD_MATCH = YES;
				CODE_SIGN_IDENTITY = "-";
				COPY_PHASE_STRIP = NO;
				DEBUG_INFORMATION_FORMAT = dwarf;
				ENABLE_STRICT_OBJC_MSGSEND = YES;
				ENABLE_TESTABILITY = YES;
				GCC_C_LANGUAGE_STANDARD = gnu99;
				GCC_DYNAMIC_NO_PIC = NO;
				GCC_NO_COMMON_BLOCKS = YES;
				GCC_OPTIMIZATION_LEVEL = 0;
				GCC_PREPROCESSOR_DEFINITIONS = (
					"DEBUG=1",
					"$(inherited)",
				);
				GCC_WARN_64_TO_32_BIT_CONVERSION = YES;
				GCC_WARN_ABOUT_RETURN_TYPE = YES_ERROR;
				GCC_WARN_UNDECLARED_SELECTOR = YES;
				GCC_WARN_UNINITIALIZED_AUTOS = YES_AGGRESSIVE;
				GCC_WARN_UNUSED_FUNCTION = YES;
				GCC_WARN_UNUSED_VARIABLE = YES;
				MACOSX_DEPLOYMENT_TARGET = 10.10;
				MTL_ENABLE_DEBUG_INFO = YES;
				ONLY_ACTIVE_ARCH = YES;
				SDKROOT = macosx;
			};
			name = Debug;
		};
		F49B22E51C9BA2D9000EA4C9 /* Release */ = {
			isa = XCBuildConfiguration;
			buildSettings = {
				ALWAYS_SEARCH_USER_PATHS = NO;
				CLANG_CXX_LANGUAGE_STANDARD = "gnu++0x";
				CLANG_CXX_LIBRARY = "libc++";
				CLANG_ENABLE_MODULES = YES;
				CLANG_ENABLE_OBJC_ARC = YES;
				CLANG_WARN_BOOL_CONVERSION = YES;
				CLANG_WARN_CONSTANT_CONVERSION = YES;
				CLANG_WARN_DIRECT_OBJC_ISA_USAGE = YES_ERROR;
				CLANG_WARN_EMPTY_BODY = YES;
				CLANG_WARN_ENUM_CONVERSION = YES;
				CLANG_WARN_INT_CONVERSION = YES;
				CLANG_WARN_OBJC_ROOT_CLASS = YES_ERROR;
				CLANG_WARN_UNREACHABLE_CODE = YES;
				CLANG_WARN__DUPLICATE_METHOD_MATCH = YES;
				CODE_SIGN_IDENTITY = "-";
				COPY_PHASE_STRIP = NO;
				DEBUG_INFORMATION_FORMAT = "dwarf-with-dsym";
				ENABLE_NS_ASSERTIONS = NO;
				ENABLE_STRICT_OBJC_MSGSEND = YES;
				GCC_C_LANGUAGE_STANDARD = gnu99;
				GCC_NO_COMMON_BLOCKS = YES;
				GCC_WARN_64_TO_32_BIT_CONVERSION = YES;
				GCC_WARN_ABOUT_RETURN_TYPE = YES_ERROR;
				GCC_WARN_UNDECLARED_SELECTOR = YES;
				GCC_WARN_UNINITIALIZED_AUTOS = YES_AGGRESSIVE;
				GCC_WARN_UNUSED_FUNCTION = YES;
				GCC_WARN_UNUSED_VARIABLE = YES;
				MACOSX_DEPLOYMENT_TARGET = 10.10;
				MTL_ENABLE_DEBUG_INFO = NO;
				SDKROOT = macosx;
			};
			name = Release;
		};
		F49B22E71C9BA2D9000EA4C9 /* Debug */ = {
			isa = XCBuildConfiguration;
			buildSettings = {
				PRODUCT_NAME = "$(TARGET_NAME)";
			};
			name = Debug;
		};
		F49B22E81C9BA2D9000EA4C9 /* Release */ = {
			isa = XCBuildConfiguration;
			buildSettings = {
				PRODUCT_NAME = "$(TARGET_NAME)";
			};
			name = Release;
		};
/* End XCBuildConfiguration section */

/* Begin XCConfigurationList section */
		F49B22DA1C9BA2D8000EA4C9 /* Build configuration list for PBXProject "GJ10.5" */ = {
			isa = XCConfigurationList;
			buildConfigurations = (
				F49B22E41C9BA2D9000EA4C9 /* Debug */,
				F49B22E51C9BA2D9000EA4C9 /* Release */,
			);
			defaultConfigurationIsVisible = 0;
			defaultConfigurationName = Release;
		};
		F49B22E61C9BA2D9000EA4C9 /* Build configuration list for PBXNativeTarget "GJ10.5" */ = {
			isa = XCConfigurationList;
			buildConfigurations = (
				F49B22E71C9BA2D9000EA4C9 /* Debug */,
				F49B22E81C9BA2D9000EA4C9 /* Release */,
			);
			defaultConfigurationIsVisible = 0;
		};
/* End XCConfigurationList section */
	};
	rootObject = F49B22D71C9BA2D8000EA4C9 /* Project object */;
}
